
Microsoft Visual Studio Solution File, Format Version 12.00
# Visual Studio Version 16
VisualStudioVersion = 16.0.30128.74
MinimumVisualStudioVersion = 10.0.40219.1
Project("{FAE04EC0-301F-11D3-BF4B-00C04F79EFBC}") = "Laba3Task1", "Laba3Task1\Laba3Task1.csproj", "{9CDDFD7D-182B-4471-A988-B541D4A9C628}"
EndProject
Global
	GlobalSection(SolutionConfigurationPlatforms) = preSolution
		Debug|Any CPU = Debug|Any CPU
		Release|Any CPU = Release|Any CPU
	EndGlobalSection
	GlobalSection(ProjectConfigurationPlatforms) = postSolution
		{9CDDFD7D-182B-4471-A988-B541D4A9C628}.Debug|Any CPU.ActiveCfg = Debug|Any CPU
		{9CDDFD7D-182B-4471-A988-B541D4A9C628}.Debug|Any CPU.Build.0 = Debug|Any CPU
		{9CDDFD7D-182B-4471-A988-B541D4A9C628}.Release|Any CPU.ActiveCfg = Release|Any CPU
		{9CDDFD7D-182B-4471-A988-B541D4A9C628}.Release|Any CPU.Build.0 = Release|Any CPU
	EndGlobalSection
	GlobalSection(SolutionProperties) = preSolution
		HideSolutionNode = FALSE
	EndGlobalSection
	GlobalSection(ExtensibilityGlobals) = postSolution
		SolutionGuid = {D2A0B2A7-99B3-4ABF-8DC2-357C8E7A4349}
	EndGlobalSection
EndGlobal
